
Microsoft Visual Studio Solution File, Format Version 12.00
# Visual Studio Version 17
VisualStudioVersion = 17.11.35222.181
MinimumVisualStudioVersion = 10.0.40219.1
Project("{9A19103F-16F7-4668-BE54-9A1E7A4F7556}") = "Expense_Tracker_MVC", "Expense_Tracker_MVC.csproj", "{6097744B-5C26-4108-A4CC-5E2C9CC5506A}"
EndProject
Project("{9A19103F-16F7-4668-BE54-9A1E7A4F7556}") = "Expense_Tracker_API", "..\Expense_Tracker_API\Expense_Tracker_API.csproj", "{6A06E5D0-BA46-4A91-8E02-8970FFD43464}"
EndProject
Global
	GlobalSection(SolutionConfigurationPlatforms) = preSolution
		Debug|Any CPU = Debug|Any CPU
		Release|Any CPU = Release|Any CPU
	EndGlobalSection
	GlobalSection(ProjectConfigurationPlatforms) = postSolution
		{6097744B-5C26-4108-A4CC-5E2C9CC5506A}.Debug|Any CPU.ActiveCfg = Debug|Any CPU
		{6097744B-5C26-4108-A4CC-5E2C9CC5506A}.Debug|Any CPU.Build.0 = Debug|Any CPU
		{6097744B-5C26-4108-A4CC-5E2C9CC5506A}.Release|Any CPU.ActiveCfg = Release|Any CPU
		{6097744B-5C26-4108-A4CC-5E2C9CC5506A}.Release|Any CPU.Build.0 = Release|Any CPU
		{6A06E5D0-BA46-4A91-8E02-8970FFD43464}.Debug|Any CPU.ActiveCfg = Debug|Any CPU
		{6A06E5D0-BA46-4A91-8E02-8970FFD43464}.Debug|Any CPU.Build.0 = Debug|Any CPU
		{6A06E5D0-BA46-4A91-8E02-8970FFD43464}.Release|Any CPU.ActiveCfg = Release|Any CPU
		{6A06E5D0-BA46-4A91-8E02-8970FFD43464}.Release|Any CPU.Build.0 = Release|Any CPU
	EndGlobalSection
	GlobalSection(SolutionProperties) = preSolution
		HideSolutionNode = FALSE
	EndGlobalSection
	GlobalSection(ExtensibilityGlobals) = postSolution
		SolutionGuid = {1FBCFCB7-7BE7-4E61-8BD5-C2DEB0F41943}
	EndGlobalSection
EndGlobal
