
Microsoft Visual Studio Solution File, Format Version 12.00
# Visual Studio Version 17
VisualStudioVersion = 17.11.35222.181
MinimumVisualStudioVersion = 10.0.40219.1
Project("{FAE04EC0-301F-11D3-BF4B-00C04F79EFBC}") = "CRUD_Web_API", "CRUD_Web_API.csproj", "{00747131-5793-404E-BB1D-8C05988AAE06}"
EndProject
Global
	GlobalSection(SolutionConfigurationPlatforms) = preSolution
		Debug|Any CPU = Debug|Any CPU
		Release|Any CPU = Release|Any CPU
	EndGlobalSection
	GlobalSection(ProjectConfigurationPlatforms) = postSolution
		{00747131-5793-404E-BB1D-8C05988AAE06}.Debug|Any CPU.ActiveCfg = Debug|Any CPU
		{00747131-5793-404E-BB1D-8C05988AAE06}.Debug|Any CPU.Build.0 = Debug|Any CPU
		{00747131-5793-404E-BB1D-8C05988AAE06}.Release|Any CPU.ActiveCfg = Release|Any CPU
		{00747131-5793-404E-BB1D-8C05988AAE06}.Release|Any CPU.Build.0 = Release|Any CPU
	EndGlobalSection
	GlobalSection(SolutionProperties) = preSolution
		HideSolutionNode = FALSE
	EndGlobalSection
	GlobalSection(ExtensibilityGlobals) = postSolution
		SolutionGuid = {DA68BDB5-5C77-4561-A92D-485302CCAC9E}
	EndGlobalSection
EndGlobal
