
Microsoft Visual Studio Solution File, Format Version 12.00
# Visual Studio Version 17
VisualStudioVersion = 17.11.35222.181
MinimumVisualStudioVersion = 10.0.40219.1
Project("{FAE04EC0-301F-11D3-BF4B-00C04F79EFBC}") = "CrudOperation", "CrudOperation\CrudOperation.csproj", "{AC8EA897-219D-46B2-ADF9-8304348EBEBA}"
EndProject
Global
	GlobalSection(SolutionConfigurationPlatforms) = preSolution
		Debug|Any CPU = Debug|Any CPU
		Release|Any CPU = Release|Any CPU
	EndGlobalSection
	GlobalSection(ProjectConfigurationPlatforms) = postSolution
		{AC8EA897-219D-46B2-ADF9-8304348EBEBA}.Debug|Any CPU.ActiveCfg = Debug|Any CPU
		{AC8EA897-219D-46B2-ADF9-8304348EBEBA}.Debug|Any CPU.Build.0 = Debug|Any CPU
		{AC8EA897-219D-46B2-ADF9-8304348EBEBA}.Release|Any CPU.ActiveCfg = Release|Any CPU
		{AC8EA897-219D-46B2-ADF9-8304348EBEBA}.Release|Any CPU.Build.0 = Release|Any CPU
	EndGlobalSection
	GlobalSection(SolutionProperties) = preSolution
		HideSolutionNode = FALSE
	EndGlobalSection
	GlobalSection(ExtensibilityGlobals) = postSolution
		SolutionGuid = {83DBD348-94F6-456D-872F-8A2C0F843CFE}
	EndGlobalSection
EndGlobal
